
Microsoft Visual Studio Solution File, Format Version 12.00
# Visual Studio 15
VisualStudioVersion = 15.0.27004.2002
MinimumVisualStudioVersion = 10.0.40219.1
Project("{FAE04EC0-301F-11D3-BF4B-00C04F79EFBC}") = "Samsys_Custos", "Samsys_Custos\Samsys_Custos.csproj", "{C2970638-E676-40B6-8128-95D39DC9FFCD}"
EndProject
Global
	GlobalSection(SolutionConfigurationPlatforms) = preSolution
		Debug|Any CPU = Debug|Any CPU
		Release|Any CPU = Release|Any CPU
	EndGlobalSection
	GlobalSection(ProjectConfigurationPlatforms) = postSolution
		{C2970638-E676-40B6-8128-95D39DC9FFCD}.Debug|Any CPU.ActiveCfg = Debug|Any CPU
		{C2970638-E676-40B6-8128-95D39DC9FFCD}.Debug|Any CPU.Build.0 = Debug|Any CPU
		{C2970638-E676-40B6-8128-95D39DC9FFCD}.Release|Any CPU.ActiveCfg = Release|Any CPU
		{C2970638-E676-40B6-8128-95D39DC9FFCD}.Release|Any CPU.Build.0 = Release|Any CPU
	EndGlobalSection
	GlobalSection(SolutionProperties) = preSolution
		HideSolutionNode = FALSE
	EndGlobalSection
	GlobalSection(ExtensibilityGlobals) = postSolution
		SolutionGuid = {1B84FC67-C294-4E63-B3F7-6BCCBD6FAEDA}
	EndGlobalSection
EndGlobal
